{
    "_readme": [
        "This file locks the dependencies of your project to a known state",
        "Read more about it at https://getcomposer.org/doc/01-basic-usage.md#composer-lock-the-lock-file",
        "This file is @generated automatically"
    ],
    "hash": "c80341f5c16c7f33494628a608873e46",
    "content-hash": "33127f4cf127952e712128dfb87a497a",
    "packages": [
        {
            "name": "daverandom/libdns",
            "version": "v1.1.0",
            "source": {
                "type": "git",
                "url": "https://github.com/DaveRandom/LibDNS.git",
                "reference": "67de5497e84d179dffc089c5eb6a1945eb4e9460"
            },
            "dist": {
                "type": "zip",
                "url": "https://api.github.com/repos/DaveRandom/LibDNS/zipball/67de5497e84d179dffc089c5eb6a1945eb4e9460",
                "reference": "67de5497e84d179dffc089c5eb6a1945eb4e9460",
                "shasum": ""
            },
            "require": {
                "php": ">=5.4.0"
            },
            "type": "library",
            "autoload": {
                "psr-4": {
                    "LibDNS\\": "src/"
                }
            },
            "notification-url": "https://packagist.org/downloads/",
            "license": [
                "MIT"
            ],
            "description": "DNS protocol implementation written in pure PHP",
            "keywords": [
                "dns"
            ],
            "time": "2016-04-29 20:47:45"
        },
        {
            "name": "icicleio/concurrent",
            "version": "v0.3.0",
            "source": {
                "type": "git",
                "url": "https://github.com/icicleio/concurrent.git",
                "reference": "d0654e590905377af6053ee896793c36f234b777"
            },
            "dist": {
                "type": "zip",
                "url": "https://api.github.com/repos/icicleio/concurrent/zipball/d0654e590905377af6053ee896793c36f234b777",
                "reference": "d0654e590905377af6053ee896793c36f234b777",
                "shasum": ""
            },
            "require": {
                "icicleio/icicle": "^0.9.1",
                "icicleio/stream": "^0.5.4"
            },
            "require-dev": {
                "phpunit/phpunit": "^4.8"
            },
            "suggest": {
                "ext-pcntl": "Required for fork contexts",
                "ext-pthreads": "Required for thread contexts",
                "ext-sysvsem": "Required for fork synchronization",
                "ext-sysvshm": "Required for fork contexts"
            },
            "type": "library",
            "autoload": {
                "psr-4": {
                    "Icicle\\Concurrent\\": "src"
                },
                "files": [
                    "src/Worker/functions.php"
                ]
            },
            "notification-url": "https://packagist.org/downloads/",
            "license": [
                "MIT"
            ],
            "authors": [
                {
                    "name": "Aaron Piotrowski",
                    "email": "aaron@icicle.io"
                },
                {
                    "name": "Stephen Coakley",
                    "email": "me@stephencoakley.com"
                }
            ],
            "description": "Concurrency component for Icicle.",
            "homepage": "http://icicle.io",
            "keywords": [
                "async",
                "asynchronous",
                "stream"
            ],
            "time": "2016-01-15 19:07:12"
        },
        {
            "name": "icicleio/dns",
            "version": "v0.6.0",
            "source": {
                "type": "git",
                "url": "https://github.com/icicleio/dns.git",
                "reference": "d08dec5d7a7a59b75c97ab0e812542f41a36f980"
            },
            "dist": {
                "type": "zip",
                "url": "https://api.github.com/repos/icicleio/dns/zipball/d08dec5d7a7a59b75c97ab0e812542f41a36f980",
                "reference": "d08dec5d7a7a59b75c97ab0e812542f41a36f980",
                "shasum": ""
            },
            "require": {
                "daverandom/libdns": "^1",
                "icicleio/icicle": "^0.9.1",
                "icicleio/socket": "^0.5",
                "paragonie/random_compat": "^1"
            },
            "require-dev": {
                "mockery/mockery": "^0.9",
                "phpunit/phpunit": "^4.6",
                "symfony/yaml": "^2.7"
            },
            "type": "library",
            "autoload": {
                "psr-4": {
                    "Icicle\\Dns\\": "src"
                },
                "files": [
                    "src/functions.php"
                ]
            },
            "notification-url": "https://packagist.org/downloads/",
            "license": [
                "MIT"
            ],
            "authors": [
                {
                    "name": "Aaron Piotrowski",
                    "email": "aaron@icicle.io"
                }
            ],
            "description": "Asynchronous DNS for Icicle.",
            "homepage": "http://icicle.io",
            "keywords": [
                "async",
                "asynchronous",
                "dns",
                "resolver"
            ],
            "time": "2015-12-07 05:30:21"
        },
        {
            "name": "icicleio/filesystem",
            "version": "v0.1.0",
            "source": {
                "type": "git",
                "url": "https://github.com/icicleio/filesystem.git",
                "reference": "2043e467c48767d36ba56121686156a21e84089f"
            },
            "dist": {
                "type": "zip",
                "url": "https://api.github.com/repos/icicleio/filesystem/zipball/2043e467c48767d36ba56121686156a21e84089f",
                "reference": "2043e467c48767d36ba56121686156a21e84089f",
                "shasum": ""
            },
            "require": {
                "icicleio/concurrent": "^0.3",
                "icicleio/icicle": "^0.9.1",
                "icicleio/stream": "^0.5.4"
            },
            "require-dev": {
                "phpunit/phpunit": "^4.8"
            },
            "suggest": {
                "ext-eio": "Extension providing better performance for asynchronous file access. v1.2.6+ required."
            },
            "type": "library",
            "autoload": {
                "psr-4": {
                    "Icicle\\File\\": "src"
                },
                "files": [
                    "src/functions.php"
                ]
            },
            "notification-url": "https://packagist.org/downloads/",
            "license": [
                "MIT"
            ],
            "authors": [
                {
                    "name": "Aaron Piotrowski",
                    "email": "aaron@icicle.io"
                }
            ],
            "description": "Asynchronous filesystem component for Icicle.",
            "homepage": "http://icicle.io",
            "keywords": [
                "async",
                "asynchronous",
                "file",
                "filesystem"
            ],
            "time": "2016-01-28 17:43:21"
        },
        {
            "name": "icicleio/http",
            "version": "v0.3.0",
            "source": {
                "type": "git",
                "url": "https://github.com/icicleio/http.git",
                "reference": "0681d283612c519992b61d0a84d3b7d1444fe7c6"
            },
            "dist": {
                "type": "zip",
                "url": "https://api.github.com/repos/icicleio/http/zipball/0681d283612c519992b61d0a84d3b7d1444fe7c6",
                "reference": "0681d283612c519992b61d0a84d3b7d1444fe7c6",
                "shasum": ""
            },
            "require": {
                "icicleio/dns": "^0.6",
                "icicleio/icicle": "^0.9.1",
                "icicleio/log": "^0.1",
                "icicleio/socket": "^0.5.2",
                "icicleio/stream": "^0.5.3"
            },
            "require-dev": {
                "mockery/mockery": "^0.9",
                "phpunit/phpunit": "^4.8",
                "symfony/yaml": "^2.7"
            },
            "type": "library",
            "autoload": {
                "psr-4": {
                    "Icicle\\Http\\": "src"
                },
                "files": [
                    "src/Message/functions.php"
                ]
            },
            "notification-url": "https://packagist.org/downloads/",
            "license": [
                "MIT"
            ],
            "authors": [
                {
                    "name": "Aaron Piotrowski",
                    "email": "aaron@icicle.io"
                }
            ],
            "description": "Asynchronous HTTP component for Icicle.",
            "homepage": "http://icicle.io",
            "keywords": [
                "async",
                "asynchronous",
                "http"
            ],
            "time": "2016-03-08 23:37:25"
        },
        {
            "name": "icicleio/icicle",
            "version": "v0.9.6",
            "source": {
                "type": "git",
                "url": "https://github.com/icicleio/icicle.git",
                "reference": "84a3cc6f7dc38500f4ed9bdae79f458d191cb119"
            },
            "dist": {
                "type": "zip",
                "url": "https://api.github.com/repos/icicleio/icicle/zipball/84a3cc6f7dc38500f4ed9bdae79f458d191cb119",
                "reference": "84a3cc6f7dc38500f4ed9bdae79f458d191cb119",
                "shasum": ""
            },
            "require": {
                "php": "^5.5|^7.0"
            },
            "require-dev": {
                "phpunit/phpunit": "^4.6"
            },
            "suggest": {
                "ext-ev": "Provides an event loop with better performance.",
                "ext-pcntl": "Enables custom signal handling."
            },
            "type": "library",
            "autoload": {
                "psr-4": {
                    "Icicle\\": "src"
                },
                "files": [
                    "src/functions.php",
                    "src/Awaitable/functions.php",
                    "src/Coroutine/functions.php",
                    "src/Loop/functions.php",
                    "src/Observable/functions.php"
                ]
            },
            "notification-url": "https://packagist.org/downloads/",
            "license": [
                "MIT"
            ],
            "authors": [
                {
                    "name": "Aaron Piotrowski",
                    "email": "aaron@icicle.io"
                }
            ],
            "description": "Icicle is a PHP library for writing asynchronous code using synchronous coding techniques.",
            "homepage": "http://icicle.io",
            "keywords": [
                "Socket",
                "async",
                "asynchronous",
                "awaitable",
                "coroutine",
                "event",
                "generator",
                "interruptible",
                "multitasking",
                "network",
                "promise",
                "server",
                "stream"
            ],
            "time": "2016-03-31 16:34:26"
        },
        {
            "name": "icicleio/log",
            "version": "v0.1.0",
            "source": {
                "type": "git",
                "url": "https://github.com/icicleio/log.git",
                "reference": "2aab1b70831268cb09ad1a1e40f79dbd7697684d"
            },
            "dist": {
                "type": "zip",
                "url": "https://api.github.com/repos/icicleio/log/zipball/2aab1b70831268cb09ad1a1e40f79dbd7697684d",
                "reference": "2aab1b70831268cb09ad1a1e40f79dbd7697684d",
                "shasum": ""
            },
            "require": {
                "icicleio/icicle": "^0.9",
                "icicleio/stream": "^0.5"
            },
            "require-dev": {
                "phpunit/phpunit": "^4.8"
            },
            "type": "library",
            "autoload": {
                "psr-4": {
                    "Icicle\\Log\\": "src"
                },
                "files": [
                    "src/functions.php"
                ]
            },
            "notification-url": "https://packagist.org/downloads/",
            "license": [
                "MIT"
            ],
            "authors": [
                {
                    "name": "Aaron Piotrowski",
                    "email": "aaron@icicle.io"
                }
            ],
            "description": "Asynchronous logging interface for Icicle.",
            "homepage": "http://icicle.io",
            "keywords": [
                "async",
                "asynchronous",
                "log"
            ],
            "time": "2016-02-12 16:04:54"
        },
        {
            "name": "icicleio/socket",
            "version": "v0.5.3",
            "source": {
                "type": "git",
                "url": "https://github.com/icicleio/socket.git",
                "reference": "0618bdbd328652ef517165ba688d306cdef1d6e9"
            },
            "dist": {
                "type": "zip",
                "url": "https://api.github.com/repos/icicleio/socket/zipball/0618bdbd328652ef517165ba688d306cdef1d6e9",
                "reference": "0618bdbd328652ef517165ba688d306cdef1d6e9",
                "shasum": ""
            },
            "require": {
                "icicleio/icicle": "^0.9.1",
                "icicleio/stream": "^0.5.4"
            },
            "require-dev": {
                "phpunit/phpunit": "^4.6"
            },
            "suggest": {
                "ext-openssl": "Enables using SSL/TLS on stream sockets."
            },
            "type": "library",
            "autoload": {
                "psr-4": {
                    "Icicle\\Socket\\": "src"
                },
                "files": [
                    "src/functions.php"
                ]
            },
            "notification-url": "https://packagist.org/downloads/",
            "license": [
                "MIT"
            ],
            "authors": [
                {
                    "name": "Aaron Piotrowski",
                    "email": "aaron@icicle.io"
                }
            ],
            "description": "Asynchronous stream socket server and client for Icicle.",
            "homepage": "http://icicle.io",
            "keywords": [
                "Socket",
                "async",
                "asynchronous",
                "client",
                "server",
                "stream"
            ],
            "time": "2015-12-30 05:41:49"
        },
        {
            "name": "icicleio/stream",
            "version": "v0.5.5",
            "source": {
                "type": "git",
                "url": "https://github.com/icicleio/stream.git",
                "reference": "f9bce748b233d583c4b385a1b247f7be8fb69c24"
            },
            "dist": {
                "type": "zip",
                "url": "https://api.github.com/repos/icicleio/stream/zipball/f9bce748b233d583c4b385a1b247f7be8fb69c24",
                "reference": "f9bce748b233d583c4b385a1b247f7be8fb69c24",
                "shasum": ""
            },
            "require": {
                "icicleio/icicle": "^0.9.1"
            },
            "require-dev": {
                "phpunit/phpunit": "^4.6"
            },
            "suggest": {
                "ext-mbstring": "Enables encoding-aware text stream reading."
            },
            "type": "library",
            "autoload": {
                "psr-4": {
                    "Icicle\\Stream\\": "src"
                },
                "files": [
                    "src/functions.php"
                ]
            },
            "notification-url": "https://packagist.org/downloads/",
            "license": [
                "MIT"
            ],
            "authors": [
                {
                    "name": "Aaron Piotrowski",
                    "email": "aaron@icicle.io"
                }
            ],
            "description": "Asynchronous streams for Icicle.",
            "homepage": "http://icicle.io",
            "keywords": [
                "async",
                "asynchronous",
                "stream"
            ],
            "time": "2016-02-21 19:16:19"
        },
        {
            "name": "paragonie/random_compat",
            "version": "v1.4.1",
            "source": {
                "type": "git",
                "url": "https://github.com/paragonie/random_compat.git",
                "reference": "c7e26a21ba357863de030f0b9e701c7d04593774"
            },
            "dist": {
                "type": "zip",
                "url": "https://api.github.com/repos/paragonie/random_compat/zipball/c7e26a21ba357863de030f0b9e701c7d04593774",
                "reference": "c7e26a21ba357863de030f0b9e701c7d04593774",
                "shasum": ""
            },
            "require": {
                "php": ">=5.2.0"
            },
            "require-dev": {
                "phpunit/phpunit": "4.*|5.*"
            },
            "suggest": {
                "ext-libsodium": "Provides a modern crypto API that can be used to generate random bytes."
            },
            "type": "library",
            "autoload": {
                "files": [
                    "lib/random.php"
                ]
            },
            "notification-url": "https://packagist.org/downloads/",
            "license": [
                "MIT"
            ],
            "authors": [
                {
                    "name": "Paragon Initiative Enterprises",
                    "email": "security@paragonie.com",
                    "homepage": "https://paragonie.com"
                }
            ],
            "description": "PHP 5.x polyfill for random_bytes() and random_int() from PHP 7",
            "keywords": [
                "csprng",
                "pseudorandom",
                "random"
            ],
            "time": "2016-03-18 20:34:03"
        }
    ],
    "packages-dev": [],
    "aliases": [],
    "minimum-stability": "stable",
    "stability-flags": [],
    "prefer-stable": false,
    "prefer-lowest": false,
    "platform": [],
    "platform-dev": []
}
